// !$*UTF8*$!
{
	archiveVersion = 1;
	classes = {
	};
	objectVersion = 56;
	objects = {

/* Begin PBXBuildFile section */
		B0172F3F2A1BBBD60031E8AC /* AppDelegate.swift in Sources */ = {isa = PBXBuildFile; fileRef = B0172F3E2A1BBBD60031E8AC /* AppDelegate.swift */; };
		B0172F412A1BBBD60031E8AC /* SceneDelegate.swift in Sources */ = {isa = PBXBuildFile; fileRef = B0172F402A1BBBD60031E8AC /* SceneDelegate.swift */; };
		B0172F432A1BBBD60031E8AC /* ViewController.swift in Sources */ = {isa = PBXBuildFile; fileRef = B0172F422A1BBBD60031E8AC /* ViewController.swift */; };
		B0172F462A1BBBD60031E8AC /* Main.storyboard in Resources */ = {isa = PBXBuildFile; fileRef = B0172F442A1BBBD60031E8AC /* Main.storyboard */; };
		B0172F482A1BBBD70031E8AC /* Assets.xcassets in Resources */ = {isa = PBXBuildFile; fileRef = B0172F472A1BBBD70031E8AC /* Assets.xcassets */; };
		B0172F4B2A1BBBD70031E8AC /* LaunchScreen.storyboard in Resources */ = {isa = PBXBuildFile; fileRef = B0172F492A1BBBD70031E8AC /* LaunchScreen.storyboard */; };
		B0172F562A1BBBD70031E8AC /* CounterTests.swift in Sources */ = {isa = PBXBuildFile; fileRef = B0172F552A1BBBD70031E8AC /* CounterTests.swift */; };
		B0172F602A1BBBD70031E8AC /* CounterUITests.swift in Sources */ = {isa = PBXBuildFile; fileRef = B0172F5F2A1BBBD70031E8AC /* CounterUITests.swift */; };
		B0172F622A1BBBD70031E8AC /* CounterUITestsLaunchTests.swift in Sources */ = {isa = PBXBuildFile; fileRef = B0172F612A1BBBD70031E8AC /* CounterUITestsLaunchTests.swift */; };
/* End PBXBuildFile section */

/* Begin PBXContainerItemProxy section */
		B0172F522A1BBBD70031E8AC /* PBXContainerItemProxy */ = {
			isa = PBXContainerItemProxy;
			containerPortal = B0172F332A1BBBD60031E8AC /* Project object */;
			proxyType = 1;
			remoteGlobalIDString = B0172F3A2A1BBBD60031E8AC;
			remoteInfo = Counter;
		};
		B0172F5C2A1BBBD70031E8AC /* PBXContainerItemProxy */ = {
			isa = PBXContainerItemProxy;
			containerPortal = B0172F332A1BBBD60031E8AC /* Project object */;
			proxyType = 1;
			remoteGlobalIDString = B0172F3A2A1BBBD60031E8AC;
			remoteInfo = Counter;
		};
/* End PBXContainerItemProxy section */

/* Begin PBXFileReference section */
		B0172F3B2A1BBBD60031E8AC /* Counter.app */ = {isa = PBXFileReference; explicitFileType = wrapper.application; includeInIndex = 0; path = Counter.app; sourceTree = BUILT_PRODUCTS_DIR; };
		B0172F3E2A1BBBD60031E8AC /* AppDelegate.swift */ = {isa = PBXFileReference; lastKnownFileType = sourcecode.swift; path = AppDelegate.swift; sourceTree = "<group>"; };
		B0172F402A1BBBD60031E8AC /* SceneDelegate.swift */ = {isa = PBXFileReference; lastKnownFileType = sourcecode.swift; path = SceneDelegate.swift; sourceTree = "<group>"; };
		B0172F422A1BBBD60031E8AC /* ViewController.swift */ = {isa = PBXFileReference; lastKnownFileType = sourcecode.swift; path = ViewController.swift; sourceTree = "<group>"; };
		B0172F452A1BBBD60031E8AC /* Base */ = {isa = PBXFileReference; lastKnownFileType = file.storyboard; name = Base; path = Base.lproj/Main.storyboard; sourceTree = "<group>"; };
		B0172F472A1BBBD70031E8AC /* Assets.xcassets */ = {isa = PBXFileReference; lastKnownFileType = folder.assetcatalog; path = Assets.xcassets; sourceTree = "<group>"; };
		B0172F4A2A1BBBD70031E8AC /* Base */ = {isa = PBXFileReference; lastKnownFileType = file.storyboard; name = Base; path = Base.lproj/LaunchScreen.storyboard; sourceTree = "<group>"; };
		B0172F4C2A1BBBD70031E8AC /* Info.plist */ = {isa = PBXFileReference; lastKnownFileType = text.plist.xml; path = Info.plist; sourceTree = "<group>"; };
		B0172F512A1BBBD70031E8AC /* CounterTests.xctest */ = {isa = PBXFileReference; explicitFileType = wrapper.cfbundle; includeInIndex = 0; path = CounterTests.xctest; sourceTree = BUILT_PRODUCTS_DIR; };
		B0172F552A1BBBD70031E8AC /* CounterTests.swift */ = {isa = PBXFileReference; lastKnownFileType = sourcecode.swift; path = CounterTests.swift; sourceTree = "<group>"; };
		B0172F5B2A1BBBD70031E8AC /* CounterUITests.xctest */ = {isa = PBXFileReference; explicitFileType = wrapper.cfbundle; includeInIndex = 0; path = CounterUITests.xctest; sourceTree = BUILT_PRODUCTS_DIR; };
		B0172F5F2A1BBBD70031E8AC /* CounterUITests.swift */ = {isa = PBXFileReference; lastKnownFileType = sourcecode.swift; path = CounterUITests.swift; sourceTree = "<group>"; };
		B0172F612A1BBBD70031E8AC /* CounterUITestsLaunchTests.swift */ = {isa = PBXFileReference; lastKnownFileType = sourcecode.swift; path = CounterUITestsLaunchTests.swift; sourceTree = "<group>"; };
/* End PBXFileReference section */

/* Begin PBXFrameworksBuildPhase section */
		B0172F382A1BBBD60031E8AC /* Frameworks */ = {
			isa = PBXFrameworksBuildPhase;
			buildActionMask = 2147483647;
			files = (
			);
			runOnlyForDeploymentPostprocessing = 0;
		};
		B0172F4E2A1BBBD70031E8AC /* Frameworks */ = {
			isa = PBXFrameworksBuildPhase;
			buildActionMask = 2147483647;
			files = (
			);
			runOnlyForDeploymentPostprocessing = 0;
		};
		B0172F582A1BBBD70031E8AC /* Frameworks */ = {
			isa = PBXFrameworksBuildPhase;
			buildActionMask = 2147483647;
			files = (
			);
			runOnlyForDeploymentPostprocessing = 0;
		};
/* End PBXFrameworksBuildPhase section */

/* Begin PBXGroup section */
		B0172F322A1BBBD60031E8AC = {
			isa = PBXGroup;
			children = (
				B0172F3D2A1BBBD60031E8AC /* Counter */,
				B0172F542A1BBBD70031E8AC /* CounterTests */,
				B0172F5E2A1BBBD70031E8AC /* CounterUITests */,
				B0172F3C2A1BBBD60031E8AC /* Products */,
			);
			sourceTree = "<group>";
		};
		B0172F3C2A1BBBD60031E8AC /* Products */ = {
			isa = PBXGroup;
			children = (
				B0172F3B2A1BBBD60031E8AC /* Counter.app */,
				B0172F512A1BBBD70031E8AC /* CounterTests.xctest */,
				B0172F5B2A1BBBD70031E8AC /* CounterUITests.xctest */,
			);
			name = Products;
			sourceTree = "<group>";
		};
		B0172F3D2A1BBBD60031E8AC /* Counter */ = {
			isa = PBXGroup;
			children = (
				B0172F3E2A1BBBD60031E8AC /* AppDelegate.swift */,
				B0172F402A1BBBD60031E8AC /* SceneDelegate.swift */,
				B0172F422A1BBBD60031E8AC /* ViewController.swift */,
				B0172F442A1BBBD60031E8AC /* Main.storyboard */,
				B0172F472A1BBBD70031E8AC /* Assets.xcassets */,
				B0172F492A1BBBD70031E8AC /* LaunchScreen.storyboard */,
				B0172F4C2A1BBBD70031E8AC /* Info.plist */,
			);
			path = Counter;
			sourceTree = "<group>";
		};
		B0172F542A1BBBD70031E8AC /* CounterTests */ = {
			isa = PBXGroup;
			children = (
				B0172F552A1BBBD70031E8AC /* CounterTests.swift */,
			);
			path = CounterTests;
			sourceTree = "<group>";
		};
		B0172F5E2A1BBBD70031E8AC /* CounterUITests */ = {
			isa = PBXGroup;
			children = (
				B0172F5F2A1BBBD70031E8AC /* CounterUITests.swift */,
				B0172F612A1BBBD70031E8AC /* CounterUITestsLaunchTests.swift */,
			);
			path = CounterUITests;
			sourceTree = "<group>";
		};
/* End PBXGroup section */

/* Begin PBXNativeTarget section */
		B0172F3A2A1BBBD60031E8AC /* Counter */ = {
			isa = PBXNativeTarget;
			buildConfigurationList = B0172F652A1BBBD70031E8AC /* Build configuration list for PBXNativeTarget "Counter" */;
			buildPhases = (
				B0172F372A1BBBD60031E8AC /* Sources */,
				B0172F382A1BBBD60031E8AC /* Frameworks */,
				B0172F392A1BBBD60031E8AC /* Resources */,
			);
			buildRules = (
			);
			dependencies = (
			);
			name = Counter;
			productName = Counter;
			productReference = B0172F3B2A1BBBD60031E8AC /* Counter.app */;
			productType = "com.apple.product-type.application";
		};
		B0172F502A1BBBD70031E8AC /* CounterTests */ = {
			isa = PBXNativeTarget;
			buildConfigurationList = B0172F682A1BBBD70031E8AC /* Build configuration list for PBXNativeTarget "CounterTests" */;
			buildPhases = (
				B0172F4D2A1BBBD70031E8AC /* Sources */,
				B0172F4E2A1BBBD70031E8AC /* Frameworks */,
				B0172F4F2A1BBBD70031E8AC /* Resources */,
			);
			buildRules = (
			);
			dependencies = (
				B0172F532A1BBBD70031E8AC /* PBXTargetDependency */,
			);
			name = CounterTests;
			productName = CounterTests;
			productReference = B0172F512A1BBBD70031E8AC /* CounterTests.xctest */;
			productType = "com.apple.product-type.bundle.unit-test";
		};
		B0172F5A2A1BBBD70031E8AC /* CounterUITests */ = {
			isa = PBXNativeTarget;
			buildConfigurationList = B0172F6B2A1BBBD70031E8AC /* Build configuration list for PBXNativeTarget "CounterUITests" */;
			buildPhases = (
				B0172F572A1BBBD70031E8AC /* Sources */,
				B0172F582A1BBBD70031E8AC /* Frameworks */,
				B0172F592A1BBBD70031E8AC /* Resources */,
			);
			buildRules = (
			);
			dependencies = (
				B0172F5D2A1BBBD70031E8AC /* PBXTargetDependency */,
			);
			name = CounterUITests;
			productName = CounterUITests;
			productReference = B0172F5B2A1BBBD70031E8AC /* CounterUITests.xctest */;
			productType = "com.apple.product-type.bundle.ui-testing";
		};
/* End PBXNativeTarget section */

/* Begin PBXProject section */
		B0172F332A1BBBD60031E8AC /* Project object */ = {
			isa = PBXProject;
			attributes = {
				BuildIndependentTargetsInParallel = 1;
				LastSwiftUpdateCheck = 1430;
				LastUpgradeCheck = 1430;
				TargetAttributes = {
					B0172F3A2A1BBBD60031E8AC = {
						CreatedOnToolsVersion = 14.3;
					};
					B0172F502A1BBBD70031E8AC = {
						CreatedOnToolsVersion = 14.3;
						TestTargetID = B0172F3A2A1BBBD60031E8AC;
					};
					B0172F5A2A1BBBD70031E8AC = {
						CreatedOnToolsVersion = 14.3;
						TestTargetID = B0172F3A2A1BBBD60031E8AC;
					};
				};
			};
			buildConfigurationList = B0172F362A1BBBD60031E8AC /* Build configuration list for PBXProject "Counter" */;
			compatibilityVersion = "Xcode 14.0";
			developmentRegion = en;
			hasScannedForEncodings = 0;
			knownRegions = (
				en,
				Base,
			);
			mainGroup = B0172F322A1BBBD60031E8AC;
			productRefGroup = B0172F3C2A1BBBD60031E8AC /* Products */;
			projectDirPath = "";
			projectRoot = "";
			targets = (
				B0172F3A2A1BBBD60031E8AC /* Counter */,
				B0172F502A1BBBD70031E8AC /* CounterTests */,
				B0172F5A2A1BBBD70031E8AC /* CounterUITests */,
			);
		};
/* End PBXProject section */

/* Begin PBXResourcesBuildPhase section */
		B0172F392A1BBBD60031E8AC /* Resources */ = {
			isa = PBXResourcesBuildPhase;
			buildActionMask = 2147483647;
			files = (
				B0172F4B2A1BBBD70031E8AC /* LaunchScreen.storyboard in Resources */,
				B0172F482A1BBBD70031E8AC /* Assets.xcassets in Resources */,
				B0172F462A1BBBD60031E8AC /* Main.storyboard in Resources */,
			);
			runOnlyForDeploymentPostprocessing = 0;
		};
		B0172F4F2A1BBBD70031E8AC /* Resources */ = {
			isa = PBXResourcesBuildPhase;
			buildActionMask = 2147483647;
			files = (
			);
			runOnlyForDeploymentPostprocessing = 0;
		};
		B0172F592A1BBBD70031E8AC /* Resources */ = {
			isa = PBXResourcesBuildPhase;
			buildActionMask = 2147483647;
			files = (
			);
			runOnlyForDeploymentPostprocessing = 0;
		};
/* End PBXResourcesBuildPhase section */

/* Begin PBXSourcesBuildPhase section */
		B0172F372A1BBBD60031E8AC /* Sources */ = {
			isa = PBXSourcesBuildPhase;
			buildActionMask = 2147483647;
			files = (
				B0172F432A1BBBD60031E8AC /* ViewController.swift in Sources */,
				B0172F3F2A1BBBD60031E8AC /* AppDelegate.swift in Sources */,
				B0172F412A1BBBD60031E8AC /* SceneDelegate.swift in Sources */,
			);
			runOnlyForDeploymentPostprocessing = 0;
		};
		B0172F4D2A1BBBD70031E8AC /* Sources */ = {
			isa = PBXSourcesBuildPhase;
			buildActionMask = 2147483647;
			files = (
				B0172F562A1BBBD70031E8AC /* CounterTests.swift in Sources */,
			);
			runOnlyForDeploymentPostprocessing = 0;
		};
		B0172F572A1BBBD70031E8AC /* Sources */ = {
			isa = PBXSourcesBuildPhase;
			buildActionMask = 2147483647;
			files = (
				B0172F602A1BBBD70031E8AC /* CounterUITests.swift in Sources */,
				B0172F622A1BBBD70031E8AC /* CounterUITestsLaunchTests.swift in Sources */,
			);
			runOnlyForDeploymentPostprocessing = 0;
		};
/* End PBXSourcesBuildPhase section */

/* Begin PBXTargetDependency section */
		B0172F532A1BBBD70031E8AC /* PBXTargetDependency */ = {
			isa = PBXTargetDependency;
			target = B0172F3A2A1BBBD60031E8AC /* Counter */;
			targetProxy = B0172F522A1BBBD70031E8AC /* PBXContainerItemProxy */;
		};
		B0172F5D2A1BBBD70031E8AC /* PBXTargetDependency */ = {
			isa = PBXTargetDependency;
			target = B0172F3A2A1BBBD60031E8AC /* Counter */;
			targetProxy = B0172F5C2A1BBBD70031E8AC /* PBXContainerItemProxy */;
		};
/* End PBXTargetDependency section */

/* Begin PBXVariantGroup section */
		B0172F442A1BBBD60031E8AC /* Main.storyboard */ = {
			isa = PBXVariantGroup;
			children = (
				B0172F452A1BBBD60031E8AC /* Base */,
			);
			name = Main.storyboard;
			sourceTree = "<group>";
		};
		B0172F492A1BBBD70031E8AC /* LaunchScreen.storyboard */ = {
			isa = PBXVariantGroup;
			children = (
				B0172F4A2A1BBBD70031E8AC /* Base */,
			);
			name = LaunchScreen.storyboard;
			sourceTree = "<group>";
		};
/* End PBXVariantGroup section */

/* Begin XCBuildConfiguration section */
		B0172F632A1BBBD70031E8AC /* Debug */ = {
			isa = XCBuildConfiguration;
			buildSettings = {
				ALWAYS_SEARCH_USER_PATHS = NO;
				CLANG_ANALYZER_NONNULL = YES;
				CLANG_ANALYZER_NUMBER_OBJECT_CONVERSION = YES_AGGRESSIVE;
				CLANG_CXX_LANGUAGE_STANDARD = "gnu++20";
				CLANG_ENABLE_MODULES = YES;
				CLANG_ENABLE_OBJC_ARC = YES;
				CLANG_ENABLE_OBJC_WEAK = YES;
				CLANG_WARN_BLOCK_CAPTURE_AUTORELEASING = YES;
				CLANG_WARN_BOOL_CONVERSION = YES;
				CLANG_WARN_COMMA = YES;
				CLANG_WARN_CONSTANT_CONVERSION = YES;
				CLANG_WARN_DEPRECATED_OBJC_IMPLEMENTATIONS = YES;
				CLANG_WARN_DIRECT_OBJC_ISA_USAGE = YES_ERROR;
				CLANG_WARN_DOCUMENTATION_COMMENTS = YES;
				CLANG_WARN_EMPTY_BODY = YES;
				CLANG_WARN_ENUM_CONVERSION = YES;
				CLANG_WARN_INFINITE_RECURSION = YES;
				CLANG_WARN_INT_CONVERSION = YES;
				CLANG_WARN_NON_LITERAL_NULL_CONVERSION = YES;
				CLANG_WARN_OBJC_IMPLICIT_RETAIN_SELF = YES;
				CLANG_WARN_OBJC_LITERAL_CONVERSION = YES;
				CLANG_WARN_OBJC_ROOT_CLASS = YES_ERROR;
				CLANG_WARN_QUOTED_INCLUDE_IN_FRAMEWORK_HEADER = YES;
				CLANG_WARN_RANGE_LOOP_ANALYSIS = YES;
				CLANG_WARN_STRICT_PROTOTYPES = YES;
				CLANG_WARN_SUSPICIOUS_MOVE = YES;
				CLANG_WARN_UNGUARDED_AVAILABILITY = YES_AGGRESSIVE;
				CLANG_WARN_UNREACHABLE_CODE = YES;
				CLANG_WARN__DUPLICATE_METHOD_MATCH = YES;
				COPY_PHASE_STRIP = NO;
				DEBUG_INFORMATION_FORMAT = dwarf;
				ENABLE_STRICT_OBJC_MSGSEND = YES;
				ENABLE_TESTABILITY = YES;
				GCC_C_LANGUAGE_STANDARD = gnu11;
				GCC_DYNAMIC_NO_PIC = NO;
				GCC_NO_COMMON_BLOCKS = YES;
				GCC_OPTIMIZATION_LEVEL = 0;
				GCC_PREPROCESSOR_DEFINITIONS = (
					"DEBUG=1",
					"$(inherited)",
				);
				GCC_WARN_64_TO_32_BIT_CONVERSION = YES;
				GCC_WARN_ABOUT_RETURN_TYPE = YES_ERROR;
				GCC_WARN_UNDECLARED_SELECTOR = YES;
				GCC_WARN_UNINITIALIZED_AUTOS = YES_AGGRESSIVE;
				GCC_WARN_UNUSED_FUNCTION = YES;
				GCC_WARN_UNUSED_VARIABLE = YES;
				IPHONEOS_DEPLOYMENT_TARGET = 16.4;
				MTL_ENABLE_DEBUG_INFO = INCLUDE_SOURCE;
				MTL_FAST_MATH = YES;
				ONLY_ACTIVE_ARCH = YES;
				SDKROOT = iphoneos;
				SWIFT_ACTIVE_COMPILATION_CONDITIONS = DEBUG;
				SWIFT_OPTIMIZATION_LEVEL = "-Onone";
			};
			name = Debug;
		};
		B0172F642A1BBBD70031E8AC /* Release */ = {
			isa = XCBuildConfiguration;
			buildSettings = {
				ALWAYS_SEARCH_USER_PATHS = NO;
				CLANG_ANALYZER_NONNULL = YES;
				CLANG_ANALYZER_NUMBER_OBJECT_CONVERSION = YES_AGGRESSIVE;
				CLANG_CXX_LANGUAGE_STANDARD = "gnu++20";
				CLANG_ENABLE_MODULES = YES;
				CLANG_ENABLE_OBJC_ARC = YES;
				CLANG_ENABLE_OBJC_WEAK = YES;
				CLANG_WARN_BLOCK_CAPTURE_AUTORELEASING = YES;
				CLANG_WARN_BOOL_CONVERSION = YES;
				CLANG_WARN_COMMA = YES;
				CLANG_WARN_CONSTANT_CONVERSION = YES;
				CLANG_WARN_DEPRECATED_OBJC_IMPLEMENTATIONS = YES;
				CLANG_WARN_DIRECT_OBJC_ISA_USAGE = YES_ERROR;
				CLANG_WARN_DOCUMENTATION_COMMENTS = YES;
				CLANG_WARN_EMPTY_BODY = YES;
				CLANG_WARN_ENUM_CONVERSION = YES;
				CLANG_WARN_INFINITE_RECURSION = YES;
				CLANG_WARN_INT_CONVERSION = YES;
				CLANG_WARN_NON_LITERAL_NULL_CONVERSION = YES;
				CLANG_WARN_OBJC_IMPLICIT_RETAIN_SELF = YES;
				CLANG_WARN_OBJC_LITERAL_CONVERSION = YES;
				CLANG_WARN_OBJC_ROOT_CLASS = YES_ERROR;
				CLANG_WARN_QUOTED_INCLUDE_IN_FRAMEWORK_HEADER = YES;
				CLANG_WARN_RANGE_LOOP_ANALYSIS = YES;
				CLANG_WARN_STRICT_PROTOTYPES = YES;
				CLANG_WARN_SUSPICIOUS_MOVE = YES;
				CLANG_WARN_UNGUARDED_AVAILABILITY = YES_AGGRESSIVE;
				CLANG_WARN_UNREACHABLE_CODE = YES;
				CLANG_WARN__DUPLICATE_METHOD_MATCH = YES;
				COPY_PHASE_STRIP = NO;
				DEBUG_INFORMATION_FORMAT = "dwarf-with-dsym";
				ENABLE_NS_ASSERTIONS = NO;
				ENABLE_STRICT_OBJC_MSGSEND = YES;
				GCC_C_LANGUAGE_STANDARD = gnu11;
				GCC_NO_COMMON_BLOCKS = YES;
				GCC_WARN_64_TO_32_BIT_CONVERSION = YES;
				GCC_WARN_ABOUT_RETURN_TYPE = YES_ERROR;
				GCC_WARN_UNDECLARED_SELECTOR = YES;
				GCC_WARN_UNINITIALIZED_AUTOS = YES_AGGRESSIVE;
				GCC_WARN_UNUSED_FUNCTION = YES;
				GCC_WARN_UNUSED_VARIABLE = YES;
				IPHONEOS_DEPLOYMENT_TARGET = 16.4;
				MTL_ENABLE_DEBUG_INFO = NO;
				MTL_FAST_MATH = YES;
				SDKROOT = iphoneos;
				SWIFT_COMPILATION_MODE = wholemodule;
				SWIFT_OPTIMIZATION_LEVEL = "-O";
				VALIDATE_PRODUCT = YES;
			};
			name = Release;
		};
		B0172F662A1BBBD70031E8AC /* Debug */ = {
			isa = XCBuildConfiguration;
			buildSettings = {
				ASSETCATALOG_COMPILER_APPICON_NAME = AppIcon;
				ASSETCATALOG_COMPILER_GLOBAL_ACCENT_COLOR_NAME = AccentColor;
				CODE_SIGN_STYLE = Automatic;
				CURRENT_PROJECT_VERSION = 1;
				GENERATE_INFOPLIST_FILE = YES;
				INFOPLIST_FILE = Counter/Info.plist;
				INFOPLIST_KEY_UIApplicationSupportsIndirectInputEvents = YES;
				INFOPLIST_KEY_UILaunchStoryboardName = LaunchScreen;
				INFOPLIST_KEY_UIMainStoryboardFile = Main;
				INFOPLIST_KEY_UISupportedInterfaceOrientations_iPad = "UIInterfaceOrientationPortrait UIInterfaceOrientationPortraitUpsideDown UIInterfaceOrientationLandscapeLeft UIInterfaceOrientationLandscapeRight";
				INFOPLIST_KEY_UISupportedInterfaceOrientations_iPhone = "UIInterfaceOrientationPortrait UIInterfaceOrientationLandscapeLeft UIInterfaceOrientationLandscapeRight";
				LD_RUNPATH_SEARCH_PATHS = (
					"$(inherited)",
					"@executable_path/Frameworks",
				);
				MARKETING_VERSION = 1.0;
				PRODUCT_BUNDLE_IDENTIFIER = dima.Counter;
				PRODUCT_NAME = "$(TARGET_NAME)";
				SWIFT_EMIT_LOC_STRINGS = YES;
				SWIFT_VERSION = 5.0;
				TARGETED_DEVICE_FAMILY = "1,2";
			};
			name = Debug;
		};
		B0172F672A1BBBD70031E8AC /* Release */ = {
			isa = XCBuildConfiguration;
			buildSettings = {
				ASSETCATALOG_COMPILER_APPICON_NAME = AppIcon;
				ASSETCATALOG_COMPILER_GLOBAL_ACCENT_COLOR_NAME = AccentColor;
				CODE_SIGN_STYLE = Automatic;
				CURRENT_PROJECT_VERSION = 1;
				GENERATE_INFOPLIST_FILE = YES;
				INFOPLIST_FILE = Counter/Info.plist;
				INFOPLIST_KEY_UIApplicationSupportsIndirectInputEvents = YES;
				INFOPLIST_KEY_UILaunchStoryboardName = LaunchScreen;
				INFOPLIST_KEY_UIMainStoryboardFile = Main;
				INFOPLIST_KEY_UISupportedInterfaceOrientations_iPad = "UIInterfaceOrientationPortrait UIInterfaceOrientationPortraitUpsideDown UIInterfaceOrientationLandscapeLeft UIInterfaceOrientationLandscapeRight";
				INFOPLIST_KEY_UISupportedInterfaceOrientations_iPhone = "UIInterfaceOrientationPortrait UIInterfaceOrientationLandscapeLeft UIInterfaceOrientationLandscapeRight";
				LD_RUNPATH_SEARCH_PATHS = (
					"$(inherited)",
					"@executable_path/Frameworks",
				);
				MARKETING_VERSION = 1.0;
				PRODUCT_BUNDLE_IDENTIFIER = dima.Counter;
				PRODUCT_NAME = "$(TARGET_NAME)";
				SWIFT_EMIT_LOC_STRINGS = YES;
				SWIFT_VERSION = 5.0;
				TARGETED_DEVICE_FAMILY = "1,2";
			};
			name = Release;
		};
		B0172F692A1BBBD70031E8AC /* Debug */ = {
			isa = XCBuildConfiguration;
			buildSettings = {
				ALWAYS_EMBED_SWIFT_STANDARD_LIBRARIES = YES;
				BUNDLE_LOADER = "$(TEST_HOST)";
				CODE_SIGN_STYLE = Automatic;
				CURRENT_PROJECT_VERSION = 1;
				GENERATE_INFOPLIST_FILE = YES;
				IPHONEOS_DEPLOYMENT_TARGET = 16.4;
				MARKETING_VERSION = 1.0;
				PRODUCT_BUNDLE_IDENTIFIER = dima.CounterTests;
				PRODUCT_NAME = "$(TARGET_NAME)";
				SWIFT_EMIT_LOC_STRINGS = NO;
				SWIFT_VERSION = 5.0;
				TARGETED_DEVICE_FAMILY = "1,2";
				TEST_HOST = "$(BUILT_PRODUCTS_DIR)/Counter.app/$(BUNDLE_EXECUTABLE_FOLDER_PATH)/Counter";
			};
			name = Debug;
		};
		B0172F6A2A1BBBD70031E8AC /* Release */ = {
			isa = XCBuildConfiguration;
			buildSettings = {
				ALWAYS_EMBED_SWIFT_STANDARD_LIBRARIES = YES;
				BUNDLE_LOADER = "$(TEST_HOST)";
				CODE_SIGN_STYLE = Automatic;
				CURRENT_PROJECT_VERSION = 1;
				GENERATE_INFOPLIST_FILE = YES;
				IPHONEOS_DEPLOYMENT_TARGET = 16.4;
				MARKETING_VERSION = 1.0;
				PRODUCT_BUNDLE_IDENTIFIER = dima.CounterTests;
				PRODUCT_NAME = "$(TARGET_NAME)";
				SWIFT_EMIT_LOC_STRINGS = NO;
				SWIFT_VERSION = 5.0;
				TARGETED_DEVICE_FAMILY = "1,2";
				TEST_HOST = "$(BUILT_PRODUCTS_DIR)/Counter.app/$(BUNDLE_EXECUTABLE_FOLDER_PATH)/Counter";
			};
			name = Release;
		};
		B0172F6C2A1BBBD70031E8AC /* Debug */ = {
			isa = XCBuildConfiguration;
			buildSettings = {
				ALWAYS_EMBED_SWIFT_STANDARD_LIBRARIES = YES;
				CODE_SIGN_STYLE = Automatic;
				CURRENT_PROJECT_VERSION = 1;
				GENERATE_INFOPLIST_FILE = YES;
				MARKETING_VERSION = 1.0;
				PRODUCT_BUNDLE_IDENTIFIER = dima.CounterUITests;
				PRODUCT_NAME = "$(TARGET_NAME)";
				SWIFT_EMIT_LOC_STRINGS = NO;
				SWIFT_VERSION = 5.0;
				TARGETED_DEVICE_FAMILY = "1,2";
				TEST_TARGET_NAME = Counter;
			};
			name = Debug;
		};
		B0172F6D2A1BBBD70031E8AC /* Release */ = {
			isa = XCBuildConfiguration;
			buildSettings = {
				ALWAYS_EMBED_SWIFT_STANDARD_LIBRARIES = YES;
				CODE_SIGN_STYLE = Automatic;
				CURRENT_PROJECT_VERSION = 1;
				GENERATE_INFOPLIST_FILE = YES;
				MARKETING_VERSION = 1.0;
				PRODUCT_BUNDLE_IDENTIFIER = dima.CounterUITests;
				PRODUCT_NAME = "$(TARGET_NAME)";
				SWIFT_EMIT_LOC_STRINGS = NO;
				SWIFT_VERSION = 5.0;
				TARGETED_DEVICE_FAMILY = "1,2";
				TEST_TARGET_NAME = Counter;
			};
			name = Release;
		};
/* End XCBuildConfiguration section */

/* Begin XCConfigurationList section */
		B0172F362A1BBBD60031E8AC /* Build configuration list for PBXProject "Counter" */ = {
			isa = XCConfigurationList;
			buildConfigurations = (
				B0172F632A1BBBD70031E8AC /* Debug */,
				B0172F642A1BBBD70031E8AC /* Release */,
			);
			defaultConfigurationIsVisible = 0;
			defaultConfigurationName = Release;
		};
		B0172F652A1BBBD70031E8AC /* Build configuration list for PBXNativeTarget "Counter" */ = {
			isa = XCConfigurationList;
			buildConfigurations = (
				B0172F662A1BBBD70031E8AC /* Debug */,
				B0172F672A1BBBD70031E8AC /* Release */,
			);
			defaultConfigurationIsVisible = 0;
			defaultConfigurationName = Release;
		};
		B0172F682A1BBBD70031E8AC /* Build configuration list for PBXNativeTarget "CounterTests" */ = {
			isa = XCConfigurationList;
			buildConfigurations = (
				B0172F692A1BBBD70031E8AC /* Debug */,
				B0172F6A2A1BBBD70031E8AC /* Release */,
			);
			defaultConfigurationIsVisible = 0;
			defaultConfigurationName = Release;
		};
		B0172F6B2A1BBBD70031E8AC /* Build configuration list for PBXNativeTarget "CounterUITests" */ = {
			isa = XCConfigurationList;
			buildConfigurations = (
				B0172F6C2A1BBBD70031E8AC /* Debug */,
				B0172F6D2A1BBBD70031E8AC /* Release */,
			);
			defaultConfigurationIsVisible = 0;
			defaultConfigurationName = Release;
		};
/* End XCConfigurationList section */
	};
	rootObject = B0172F332A1BBBD60031E8AC /* Project object */;
}
